
Microsoft Visual Studio Solution File, Format Version 12.00
# Visual Studio Version 16
VisualStudioVersion = 16.0.31624.102
MinimumVisualStudioVersion = 10.0.40219.1
Project("{9A19103F-16F7-4668-BE54-9A1E7A4F7556}") = "BlogLab.Web", "BlogLab.Web\BlogLab.Web.csproj", "{B5CB4712-0AB3-4BBC-AE18-C9CEBDD8BEC4}"
EndProject
Project("{9A19103F-16F7-4668-BE54-9A1E7A4F7556}") = "BlogLab.Models", "BlogLab.Models\BlogLab.Models.csproj", "{11054D6A-34C0-46A7-8E4C-F3642D72AF08}"
EndProject
Project("{FAE04EC0-301F-11D3-BF4B-00C04F79EFBC}") = "BlogLab.Identity", "BlogLab.Identity\BlogLab.Identity.csproj", "{C3968257-FDD4-4802-ACC6-8F4C2902DBFE}"
EndProject
Project("{FAE04EC0-301F-11D3-BF4B-00C04F79EFBC}") = "BlogLab.Services", "BlogLab.Services\BlogLab.Services.csproj", "{7463F908-FFB6-40FB-BC27-AE3AE730E92B}"
EndProject
Project("{FAE04EC0-301F-11D3-BF4B-00C04F79EFBC}") = "BlogLab.Repository", "BlogLab.Repository\BlogLab.Repository.csproj", "{8B8ED02F-B995-4A94-842E-3D891021DBF1}"
EndProject
Global
	GlobalSection(SolutionConfigurationPlatforms) = preSolution
		Debug|Any CPU = Debug|Any CPU
		Release|Any CPU = Release|Any CPU
	EndGlobalSection
	GlobalSection(ProjectConfigurationPlatforms) = postSolution
		{B5CB4712-0AB3-4BBC-AE18-C9CEBDD8BEC4}.Debug|Any CPU.ActiveCfg = Debug|Any CPU
		{B5CB4712-0AB3-4BBC-AE18-C9CEBDD8BEC4}.Debug|Any CPU.Build.0 = Debug|Any CPU
		{B5CB4712-0AB3-4BBC-AE18-C9CEBDD8BEC4}.Release|Any CPU.ActiveCfg = Release|Any CPU
		{B5CB4712-0AB3-4BBC-AE18-C9CEBDD8BEC4}.Release|Any CPU.Build.0 = Release|Any CPU
		{11054D6A-34C0-46A7-8E4C-F3642D72AF08}.Debug|Any CPU.ActiveCfg = Debug|Any CPU
		{11054D6A-34C0-46A7-8E4C-F3642D72AF08}.Debug|Any CPU.Build.0 = Debug|Any CPU
		{11054D6A-34C0-46A7-8E4C-F3642D72AF08}.Release|Any CPU.ActiveCfg = Release|Any CPU
		{11054D6A-34C0-46A7-8E4C-F3642D72AF08}.Release|Any CPU.Build.0 = Release|Any CPU
		{C3968257-FDD4-4802-ACC6-8F4C2902DBFE}.Debug|Any CPU.ActiveCfg = Debug|Any CPU
		{C3968257-FDD4-4802-ACC6-8F4C2902DBFE}.Debug|Any CPU.Build.0 = Debug|Any CPU
		{C3968257-FDD4-4802-ACC6-8F4C2902DBFE}.Release|Any CPU.ActiveCfg = Release|Any CPU
		{C3968257-FDD4-4802-ACC6-8F4C2902DBFE}.Release|Any CPU.Build.0 = Release|Any CPU
		{7463F908-FFB6-40FB-BC27-AE3AE730E92B}.Debug|Any CPU.ActiveCfg = Debug|Any CPU
		{7463F908-FFB6-40FB-BC27-AE3AE730E92B}.Debug|Any CPU.Build.0 = Debug|Any CPU
		{7463F908-FFB6-40FB-BC27-AE3AE730E92B}.Release|Any CPU.ActiveCfg = Release|Any CPU
		{7463F908-FFB6-40FB-BC27-AE3AE730E92B}.Release|Any CPU.Build.0 = Release|Any CPU
		{8B8ED02F-B995-4A94-842E-3D891021DBF1}.Debug|Any CPU.ActiveCfg = Debug|Any CPU
		{8B8ED02F-B995-4A94-842E-3D891021DBF1}.Debug|Any CPU.Build.0 = Debug|Any CPU
		{8B8ED02F-B995-4A94-842E-3D891021DBF1}.Release|Any CPU.ActiveCfg = Release|Any CPU
		{8B8ED02F-B995-4A94-842E-3D891021DBF1}.Release|Any CPU.Build.0 = Release|Any CPU
	EndGlobalSection
	GlobalSection(SolutionProperties) = preSolution
		HideSolutionNode = FALSE
	EndGlobalSection
	GlobalSection(ExtensibilityGlobals) = postSolution
		SolutionGuid = {4657CC4F-B2DC-4E09-9445-F04AB998E8C9}
	EndGlobalSection
EndGlobal
